
Microsoft Visual Studio Solution File, Format Version 12.00
# Visual Studio Version 16
VisualStudioVersion = 16.0.30717.126
MinimumVisualStudioVersion = 10.0.40219.1
Project("{FAE04EC0-301F-11D3-BF4B-00C04F79EFBC}") = "OOP_OdevEncopsulation", "OOP_OdevEncopsulation\OOP_OdevEncopsulation.csproj", "{4470C349-BB93-4CC2-9955-122A5DF783D5}"
EndProject
Global
	GlobalSection(SolutionConfigurationPlatforms) = preSolution
		Debug|Any CPU = Debug|Any CPU
		Release|Any CPU = Release|Any CPU
	EndGlobalSection
	GlobalSection(ProjectConfigurationPlatforms) = postSolution
		{4470C349-BB93-4CC2-9955-122A5DF783D5}.Debug|Any CPU.ActiveCfg = Debug|Any CPU
		{4470C349-BB93-4CC2-9955-122A5DF783D5}.Debug|Any CPU.Build.0 = Debug|Any CPU
		{4470C349-BB93-4CC2-9955-122A5DF783D5}.Release|Any CPU.ActiveCfg = Release|Any CPU
		{4470C349-BB93-4CC2-9955-122A5DF783D5}.Release|Any CPU.Build.0 = Release|Any CPU
	EndGlobalSection
	GlobalSection(SolutionProperties) = preSolution
		HideSolutionNode = FALSE
	EndGlobalSection
	GlobalSection(ExtensibilityGlobals) = postSolution
		SolutionGuid = {05103CA2-F2A8-4F08-917B-E819DE35E362}
	EndGlobalSection
EndGlobal
