
Microsoft Visual Studio Solution File, Format Version 12.00
# Visual Studio Version 16
VisualStudioVersion = 16.0.30717.126
MinimumVisualStudioVersion = 10.0.40219.1
Project("{FAE04EC0-301F-11D3-BF4B-00C04F79EFBC}") = "OOP_HamburgerOtomasyonu", "OOP_HamburgerOtomasyonu\OOP_HamburgerOtomasyonu.csproj", "{BC12BCE3-CFAC-4AC1-A9D3-9CAB6A57CA60}"
EndProject
Global
	GlobalSection(SolutionConfigurationPlatforms) = preSolution
		Debug|Any CPU = Debug|Any CPU
		Release|Any CPU = Release|Any CPU
	EndGlobalSection
	GlobalSection(ProjectConfigurationPlatforms) = postSolution
		{BC12BCE3-CFAC-4AC1-A9D3-9CAB6A57CA60}.Debug|Any CPU.ActiveCfg = Debug|Any CPU
		{BC12BCE3-CFAC-4AC1-A9D3-9CAB6A57CA60}.Debug|Any CPU.Build.0 = Debug|Any CPU
		{BC12BCE3-CFAC-4AC1-A9D3-9CAB6A57CA60}.Release|Any CPU.ActiveCfg = Release|Any CPU
		{BC12BCE3-CFAC-4AC1-A9D3-9CAB6A57CA60}.Release|Any CPU.Build.0 = Release|Any CPU
	EndGlobalSection
	GlobalSection(SolutionProperties) = preSolution
		HideSolutionNode = FALSE
	EndGlobalSection
	GlobalSection(ExtensibilityGlobals) = postSolution
		SolutionGuid = {2977A822-7619-4CC0-97A9-0B36AABFA0F6}
	EndGlobalSection
EndGlobal
